// !$*UTF8*$!
{
	archiveVersion = 1;
	classes = {
	};
	objectVersion = 56;
	objects = {

/* Begin PBXBuildFile section */
		9B2260892C7D62CC009C51B6 /* QuestionCell.swift in Sources */ = {isa = PBXBuildFile; fileRef = 9B2260882C7D62CC009C51B6 /* QuestionCell.swift */; };
		9B22608C2C7D7062009C51B6 /* DeleteButton.swift in Sources */ = {isa = PBXBuildFile; fileRef = 9B22608B2C7D7062009C51B6 /* DeleteButton.swift */; };
		9B4378D42C80126000908BFC /* AnswerRecordingView.swift in Sources */ = {isa = PBXBuildFile; fileRef = 9B4378D32C80126000908BFC /* AnswerRecordingView.swift */; };
		9B4378D62C801E8400908BFC /* PlayButton.swift in Sources */ = {isa = PBXBuildFile; fileRef = 9B4378D52C801E8400908BFC /* PlayButton.swift */; };
		9B7358572C7C7A6300126144 /* QuestionEditor.swift in Sources */ = {isa = PBXBuildFile; fileRef = 9B7358562C7C7A6200126144 /* QuestionEditor.swift */; };
		9B75EF5E2C6F70AE00BCF344 /* NewQuestionView.swift in Sources */ = {isa = PBXBuildFile; fileRef = 9B75EF5D2C6F70AE00BCF344 /* NewQuestionView.swift */; };
		9B7662F52C6DAD0200A41D3D /* InterviewRecorderApp.swift in Sources */ = {isa = PBXBuildFile; fileRef = 9B7662F42C6DAD0200A41D3D /* InterviewRecorderApp.swift */; };
		9B7662F72C6DAD0200A41D3D /* ContentView.swift in Sources */ = {isa = PBXBuildFile; fileRef = 9B7662F62C6DAD0200A41D3D /* ContentView.swift */; };
		9B7662F92C6DAD0300A41D3D /* Assets.xcassets in Resources */ = {isa = PBXBuildFile; fileRef = 9B7662F82C6DAD0300A41D3D /* Assets.xcassets */; };
		9B7662FC2C6DAD0300A41D3D /* Preview Assets.xcassets in Resources */ = {isa = PBXBuildFile; fileRef = 9B7662FB2C6DAD0300A41D3D /* Preview Assets.xcassets */; };
		9B7663032C6DED9100A41D3D /* AudioRecordManager.swift in Sources */ = {isa = PBXBuildFile; fileRef = 9B7663022C6DED9100A41D3D /* AudioRecordManager.swift */; };
		9B7663052C6DEE8F00A41D3D /* Question.swift in Sources */ = {isa = PBXBuildFile; fileRef = 9B7663042C6DEE8F00A41D3D /* Question.swift */; };
		9BDF04812C74914000448EF0 /* ColorButton.swift in Sources */ = {isa = PBXBuildFile; fileRef = 9BDF04802C74914000448EF0 /* ColorButton.swift */; };
/* End PBXBuildFile section */

/* Begin PBXFileReference section */
		9B2260882C7D62CC009C51B6 /* QuestionCell.swift */ = {isa = PBXFileReference; lastKnownFileType = sourcecode.swift; path = QuestionCell.swift; sourceTree = "<group>"; };
		9B22608B2C7D7062009C51B6 /* DeleteButton.swift */ = {isa = PBXFileReference; lastKnownFileType = sourcecode.swift; path = DeleteButton.swift; sourceTree = "<group>"; };
		9B4378D32C80126000908BFC /* AnswerRecordingView.swift */ = {isa = PBXFileReference; lastKnownFileType = sourcecode.swift; path = AnswerRecordingView.swift; sourceTree = "<group>"; };
		9B4378D52C801E8400908BFC /* PlayButton.swift */ = {isa = PBXFileReference; lastKnownFileType = sourcecode.swift; path = PlayButton.swift; sourceTree = "<group>"; };
		9B7358562C7C7A6200126144 /* QuestionEditor.swift */ = {isa = PBXFileReference; lastKnownFileType = sourcecode.swift; path = QuestionEditor.swift; sourceTree = "<group>"; };
		9B75EF5D2C6F70AE00BCF344 /* NewQuestionView.swift */ = {isa = PBXFileReference; lastKnownFileType = sourcecode.swift; path = NewQuestionView.swift; sourceTree = "<group>"; };
		9B7662F12C6DAD0200A41D3D /* InterviewRecorder.app */ = {isa = PBXFileReference; explicitFileType = wrapper.application; includeInIndex = 0; path = InterviewRecorder.app; sourceTree = BUILT_PRODUCTS_DIR; };
		9B7662F42C6DAD0200A41D3D /* InterviewRecorderApp.swift */ = {isa = PBXFileReference; lastKnownFileType = sourcecode.swift; path = InterviewRecorderApp.swift; sourceTree = "<group>"; };
		9B7662F62C6DAD0200A41D3D /* ContentView.swift */ = {isa = PBXFileReference; lastKnownFileType = sourcecode.swift; path = ContentView.swift; sourceTree = "<group>"; };
		9B7662F82C6DAD0300A41D3D /* Assets.xcassets */ = {isa = PBXFileReference; lastKnownFileType = folder.assetcatalog; path = Assets.xcassets; sourceTree = "<group>"; };
		9B7662FB2C6DAD0300A41D3D /* Preview Assets.xcassets */ = {isa = PBXFileReference; lastKnownFileType = folder.assetcatalog; path = "Preview Assets.xcassets"; sourceTree = "<group>"; };
		9B7663022C6DED9100A41D3D /* AudioRecordManager.swift */ = {isa = PBXFileReference; lastKnownFileType = sourcecode.swift; path = AudioRecordManager.swift; sourceTree = "<group>"; };
		9B7663042C6DEE8F00A41D3D /* Question.swift */ = {isa = PBXFileReference; lastKnownFileType = sourcecode.swift; path = Question.swift; sourceTree = "<group>"; };
		9BDF04802C74914000448EF0 /* ColorButton.swift */ = {isa = PBXFileReference; lastKnownFileType = sourcecode.swift; path = ColorButton.swift; sourceTree = "<group>"; };
/* End PBXFileReference section */

/* Begin PBXFrameworksBuildPhase section */
		9B7662EE2C6DAD0200A41D3D /* Frameworks */ = {
			isa = PBXFrameworksBuildPhase;
			buildActionMask = 2147483647;
			files = (
			);
			runOnlyForDeploymentPostprocessing = 0;
		};
/* End PBXFrameworksBuildPhase section */

/* Begin PBXGroup section */
		9B22608D2C7D71ED009C51B6 /* Buttons */ = {
			isa = PBXGroup;
			children = (
				9BDF04802C74914000448EF0 /* ColorButton.swift */,
				9B22608B2C7D7062009C51B6 /* DeleteButton.swift */,
				9B4378D52C801E8400908BFC /* PlayButton.swift */,
			);
			path = Buttons;
			sourceTree = "<group>";
		};
		9B7662E82C6DAD0200A41D3D = {
			isa = PBXGroup;
			children = (
				9B7662F32C6DAD0200A41D3D /* InterviewRecorder */,
				9B7662F22C6DAD0200A41D3D /* Products */,
			);
			sourceTree = "<group>";
		};
		9B7662F22C6DAD0200A41D3D /* Products */ = {
			isa = PBXGroup;
			children = (
				9B7662F12C6DAD0200A41D3D /* InterviewRecorder.app */,
			);
			name = Products;
			sourceTree = "<group>";
		};
		9B7662F32C6DAD0200A41D3D /* InterviewRecorder */ = {
			isa = PBXGroup;
			children = (
				9B7662F42C6DAD0200A41D3D /* InterviewRecorderApp.swift */,
				9B7662F62C6DAD0200A41D3D /* ContentView.swift */,
				9B2260882C7D62CC009C51B6 /* QuestionCell.swift */,
				9B75EF5D2C6F70AE00BCF344 /* NewQuestionView.swift */,
				9B7358562C7C7A6200126144 /* QuestionEditor.swift */,
				9B4378D32C80126000908BFC /* AnswerRecordingView.swift */,
				9B22608D2C7D71ED009C51B6 /* Buttons */,
				9B7663062C6DEE9700A41D3D /* Models */,
				9B7662F82C6DAD0300A41D3D /* Assets.xcassets */,
				9B7662FA2C6DAD0300A41D3D /* Preview Content */,
			);
			path = InterviewRecorder;
			sourceTree = "<group>";
		};
		9B7662FA2C6DAD0300A41D3D /* Preview Content */ = {
			isa = PBXGroup;
			children = (
				9B7662FB2C6DAD0300A41D3D /* Preview Assets.xcassets */,
			);
			path = "Preview Content";
			sourceTree = "<group>";
		};
		9B7663062C6DEE9700A41D3D /* Models */ = {
			isa = PBXGroup;
			children = (
				9B7663042C6DEE8F00A41D3D /* Question.swift */,
				9B7663022C6DED9100A41D3D /* AudioRecordManager.swift */,
			);
			path = Models;
			sourceTree = "<group>";
		};
/* End PBXGroup section */

/* Begin PBXNativeTarget section */
		9B7662F02C6DAD0200A41D3D /* InterviewRecorder */ = {
			isa = PBXNativeTarget;
			buildConfigurationList = 9B7662FF2C6DAD0300A41D3D /* Build configuration list for PBXNativeTarget "InterviewRecorder" */;
			buildPhases = (
				9B7662ED2C6DAD0200A41D3D /* Sources */,
				9B7662EE2C6DAD0200A41D3D /* Frameworks */,
				9B7662EF2C6DAD0200A41D3D /* Resources */,
			);
			buildRules = (
			);
			dependencies = (
			);
			name = InterviewRecorder;
			productName = InterviewRecorder;
			productReference = 9B7662F12C6DAD0200A41D3D /* InterviewRecorder.app */;
			productType = "com.apple.product-type.application";
		};
/* End PBXNativeTarget section */

/* Begin PBXProject section */
		9B7662E92C6DAD0200A41D3D /* Project object */ = {
			isa = PBXProject;
			attributes = {
				BuildIndependentTargetsInParallel = 1;
				LastSwiftUpdateCheck = 1540;
				LastUpgradeCheck = 1540;
				TargetAttributes = {
					9B7662F02C6DAD0200A41D3D = {
						CreatedOnToolsVersion = 15.4;
					};
				};
			};
			buildConfigurationList = 9B7662EC2C6DAD0200A41D3D /* Build configuration list for PBXProject "InterviewRecorder" */;
			compatibilityVersion = "Xcode 14.0";
			developmentRegion = ko;
			hasScannedForEncodings = 0;
			knownRegions = (
				Base,
				ko,
			);
			mainGroup = 9B7662E82C6DAD0200A41D3D;
			productRefGroup = 9B7662F22C6DAD0200A41D3D /* Products */;
			projectDirPath = "";
			projectRoot = "";
			targets = (
				9B7662F02C6DAD0200A41D3D /* InterviewRecorder */,
			);
		};
/* End PBXProject section */

/* Begin PBXResourcesBuildPhase section */
		9B7662EF2C6DAD0200A41D3D /* Resources */ = {
			isa = PBXResourcesBuildPhase;
			buildActionMask = 2147483647;
			files = (
				9B7662FC2C6DAD0300A41D3D /* Preview Assets.xcassets in Resources */,
				9B7662F92C6DAD0300A41D3D /* Assets.xcassets in Resources */,
			);
			runOnlyForDeploymentPostprocessing = 0;
		};
/* End PBXResourcesBuildPhase section */

/* Begin PBXSourcesBuildPhase section */
		9B7662ED2C6DAD0200A41D3D /* Sources */ = {
			isa = PBXSourcesBuildPhase;
			buildActionMask = 2147483647;
			files = (
				9B7358572C7C7A6300126144 /* QuestionEditor.swift in Sources */,
				9B7663032C6DED9100A41D3D /* AudioRecordManager.swift in Sources */,
				9B4378D42C80126000908BFC /* AnswerRecordingView.swift in Sources */,
				9B7663052C6DEE8F00A41D3D /* Question.swift in Sources */,
				9B75EF5E2C6F70AE00BCF344 /* NewQuestionView.swift in Sources */,
				9B4378D62C801E8400908BFC /* PlayButton.swift in Sources */,
				9BDF04812C74914000448EF0 /* ColorButton.swift in Sources */,
				9B22608C2C7D7062009C51B6 /* DeleteButton.swift in Sources */,
				9B2260892C7D62CC009C51B6 /* QuestionCell.swift in Sources */,
				9B7662F72C6DAD0200A41D3D /* ContentView.swift in Sources */,
				9B7662F52C6DAD0200A41D3D /* InterviewRecorderApp.swift in Sources */,
			);
			runOnlyForDeploymentPostprocessing = 0;
		};
/* End PBXSourcesBuildPhase section */

/* Begin XCBuildConfiguration section */
		9B7662FD2C6DAD0300A41D3D /* Debug */ = {
			isa = XCBuildConfiguration;
			buildSettings = {
				ALWAYS_SEARCH_USER_PATHS = NO;
				ASSETCATALOG_COMPILER_GENERATE_SWIFT_ASSET_SYMBOL_EXTENSIONS = YES;
				CLANG_ANALYZER_NONNULL = YES;
				CLANG_ANALYZER_NUMBER_OBJECT_CONVERSION = YES_AGGRESSIVE;
				CLANG_CXX_LANGUAGE_STANDARD = "gnu++20";
				CLANG_ENABLE_MODULES = YES;
				CLANG_ENABLE_OBJC_ARC = YES;
				CLANG_ENABLE_OBJC_WEAK = YES;
				CLANG_WARN_BLOCK_CAPTURE_AUTORELEASING = YES;
				CLANG_WARN_BOOL_CONVERSION = YES;
				CLANG_WARN_COMMA = YES;
				CLANG_WARN_CONSTANT_CONVERSION = YES;
				CLANG_WARN_DEPRECATED_OBJC_IMPLEMENTATIONS = YES;
				CLANG_WARN_DIRECT_OBJC_ISA_USAGE = YES_ERROR;
				CLANG_WARN_DOCUMENTATION_COMMENTS = YES;
				CLANG_WARN_EMPTY_BODY = YES;
				CLANG_WARN_ENUM_CONVERSION = YES;
				CLANG_WARN_INFINITE_RECURSION = YES;
				CLANG_WARN_INT_CONVERSION = YES;
				CLANG_WARN_NON_LITERAL_NULL_CONVERSION = YES;
				CLANG_WARN_OBJC_IMPLICIT_RETAIN_SELF = YES;
				CLANG_WARN_OBJC_LITERAL_CONVERSION = YES;
				CLANG_WARN_OBJC_ROOT_CLASS = YES_ERROR;
				CLANG_WARN_QUOTED_INCLUDE_IN_FRAMEWORK_HEADER = YES;
				CLANG_WARN_RANGE_LOOP_ANALYSIS = YES;
				CLANG_WARN_STRICT_PROTOTYPES = YES;
				CLANG_WARN_SUSPICIOUS_MOVE = YES;
				CLANG_WARN_UNGUARDED_AVAILABILITY = YES_AGGRESSIVE;
				CLANG_WARN_UNREACHABLE_CODE = YES;
				CLANG_WARN__DUPLICATE_METHOD_MATCH = YES;
				COPY_PHASE_STRIP = NO;
				DEBUG_INFORMATION_FORMAT = dwarf;
				ENABLE_STRICT_OBJC_MSGSEND = YES;
				ENABLE_TESTABILITY = YES;
				ENABLE_USER_SCRIPT_SANDBOXING = YES;
				GCC_C_LANGUAGE_STANDARD = gnu17;
				GCC_DYNAMIC_NO_PIC = NO;
				GCC_NO_COMMON_BLOCKS = YES;
				GCC_OPTIMIZATION_LEVEL = 0;
				GCC_PREPROCESSOR_DEFINITIONS = (
					"DEBUG=1",
					"$(inherited)",
				);
				GCC_WARN_64_TO_32_BIT_CONVERSION = YES;
				GCC_WARN_ABOUT_RETURN_TYPE = YES_ERROR;
				GCC_WARN_UNDECLARED_SELECTOR = YES;
				GCC_WARN_UNINITIALIZED_AUTOS = YES_AGGRESSIVE;
				GCC_WARN_UNUSED_FUNCTION = YES;
				GCC_WARN_UNUSED_VARIABLE = YES;
				IPHONEOS_DEPLOYMENT_TARGET = 17.5;
				LOCALIZATION_PREFERS_STRING_CATALOGS = YES;
				MTL_ENABLE_DEBUG_INFO = INCLUDE_SOURCE;
				MTL_FAST_MATH = YES;
				ONLY_ACTIVE_ARCH = YES;
				SDKROOT = iphoneos;
				SWIFT_ACTIVE_COMPILATION_CONDITIONS = "DEBUG $(inherited)";
				SWIFT_OPTIMIZATION_LEVEL = "-Onone";
			};
			name = Debug;
		};
		9B7662FE2C6DAD0300A41D3D /* Release */ = {
			isa = XCBuildConfiguration;
			buildSettings = {
				ALWAYS_SEARCH_USER_PATHS = NO;
				ASSETCATALOG_COMPILER_GENERATE_SWIFT_ASSET_SYMBOL_EXTENSIONS = YES;
				CLANG_ANALYZER_NONNULL = YES;
				CLANG_ANALYZER_NUMBER_OBJECT_CONVERSION = YES_AGGRESSIVE;
				CLANG_CXX_LANGUAGE_STANDARD = "gnu++20";
				CLANG_ENABLE_MODULES = YES;
				CLANG_ENABLE_OBJC_ARC = YES;
				CLANG_ENABLE_OBJC_WEAK = YES;
				CLANG_WARN_BLOCK_CAPTURE_AUTORELEASING = YES;
				CLANG_WARN_BOOL_CONVERSION = YES;
				CLANG_WARN_COMMA = YES;
				CLANG_WARN_CONSTANT_CONVERSION = YES;
				CLANG_WARN_DEPRECATED_OBJC_IMPLEMENTATIONS = YES;
				CLANG_WARN_DIRECT_OBJC_ISA_USAGE = YES_ERROR;
				CLANG_WARN_DOCUMENTATION_COMMENTS = YES;
				CLANG_WARN_EMPTY_BODY = YES;
				CLANG_WARN_ENUM_CONVERSION = YES;
				CLANG_WARN_INFINITE_RECURSION = YES;
				CLANG_WARN_INT_CONVERSION = YES;
				CLANG_WARN_NON_LITERAL_NULL_CONVERSION = YES;
				CLANG_WARN_OBJC_IMPLICIT_RETAIN_SELF = YES;
				CLANG_WARN_OBJC_LITERAL_CONVERSION = YES;
				CLANG_WARN_OBJC_ROOT_CLASS = YES_ERROR;
				CLANG_WARN_QUOTED_INCLUDE_IN_FRAMEWORK_HEADER = YES;
				CLANG_WARN_RANGE_LOOP_ANALYSIS = YES;
				CLANG_WARN_STRICT_PROTOTYPES = YES;
				CLANG_WARN_SUSPICIOUS_MOVE = YES;
				CLANG_WARN_UNGUARDED_AVAILABILITY = YES_AGGRESSIVE;
				CLANG_WARN_UNREACHABLE_CODE = YES;
				CLANG_WARN__DUPLICATE_METHOD_MATCH = YES;
				COPY_PHASE_STRIP = NO;
				DEBUG_INFORMATION_FORMAT = "dwarf-with-dsym";
				ENABLE_NS_ASSERTIONS = NO;
				ENABLE_STRICT_OBJC_MSGSEND = YES;
				ENABLE_USER_SCRIPT_SANDBOXING = YES;
				GCC_C_LANGUAGE_STANDARD = gnu17;
				GCC_NO_COMMON_BLOCKS = YES;
				GCC_WARN_64_TO_32_BIT_CONVERSION = YES;
				GCC_WARN_ABOUT_RETURN_TYPE = YES_ERROR;
				GCC_WARN_UNDECLARED_SELECTOR = YES;
				GCC_WARN_UNINITIALIZED_AUTOS = YES_AGGRESSIVE;
				GCC_WARN_UNUSED_FUNCTION = YES;
				GCC_WARN_UNUSED_VARIABLE = YES;
				IPHONEOS_DEPLOYMENT_TARGET = 17.5;
				LOCALIZATION_PREFERS_STRING_CATALOGS = YES;
				MTL_ENABLE_DEBUG_INFO = NO;
				MTL_FAST_MATH = YES;
				SDKROOT = iphoneos;
				SWIFT_COMPILATION_MODE = wholemodule;
				VALIDATE_PRODUCT = YES;
			};
			name = Release;
		};
		9B7663002C6DAD0300A41D3D /* Debug */ = {
			isa = XCBuildConfiguration;
			buildSettings = {
				ASSETCATALOG_COMPILER_APPICON_NAME = AppIcon;
				ASSETCATALOG_COMPILER_GLOBAL_ACCENT_COLOR_NAME = AccentColor;
				CODE_SIGN_STYLE = Automatic;
				CURRENT_PROJECT_VERSION = 1;
				DEVELOPMENT_ASSET_PATHS = "\"InterviewRecorder/Preview Content\"";
				DEVELOPMENT_TEAM = 3RM96676JN;
				ENABLE_PREVIEWS = YES;
				GENERATE_INFOPLIST_FILE = YES;
				INFOPLIST_KEY_UIApplicationSceneManifest_Generation = YES;
				INFOPLIST_KEY_UIApplicationSupportsIndirectInputEvents = YES;
				INFOPLIST_KEY_UILaunchScreen_Generation = YES;
				INFOPLIST_KEY_UIRequiresFullScreen = YES;
				INFOPLIST_KEY_UISupportedInterfaceOrientations = UIInterfaceOrientationPortrait;
				INFOPLIST_KEY_UISupportedInterfaceOrientations_iPad = "UIInterfaceOrientationLandscapeLeft UIInterfaceOrientationLandscapeRight UIInterfaceOrientationPortrait UIInterfaceOrientationPortraitUpsideDown";
				IPHONEOS_DEPLOYMENT_TARGET = 17.0;
				LD_RUNPATH_SEARCH_PATHS = (
					"$(inherited)",
					"@executable_path/Frameworks",
				);
				MARKETING_VERSION = 1.0;
				PRODUCT_BUNDLE_IDENTIFIER = "w-lee.InterviewRecorder";
				PRODUCT_NAME = "$(TARGET_NAME)";
				SUPPORTED_PLATFORMS = "iphoneos iphonesimulator";
				SUPPORTS_MACCATALYST = NO;
				SUPPORTS_MAC_DESIGNED_FOR_IPHONE_IPAD = NO;
				SUPPORTS_XR_DESIGNED_FOR_IPHONE_IPAD = NO;
				SWIFT_EMIT_LOC_STRINGS = YES;
				SWIFT_VERSION = 5.0;
				TARGETED_DEVICE_FAMILY = "1,2";
			};
			name = Debug;
		};
		9B7663012C6DAD0300A41D3D /* Release */ = {
			isa = XCBuildConfiguration;
			buildSettings = {
				ASSETCATALOG_COMPILER_APPICON_NAME = AppIcon;
				ASSETCATALOG_COMPILER_GLOBAL_ACCENT_COLOR_NAME = AccentColor;
				CODE_SIGN_STYLE = Automatic;
				CURRENT_PROJECT_VERSION = 1;
				DEVELOPMENT_ASSET_PATHS = "\"InterviewRecorder/Preview Content\"";
				DEVELOPMENT_TEAM = 3RM96676JN;
				ENABLE_PREVIEWS = YES;
				GENERATE_INFOPLIST_FILE = YES;
				INFOPLIST_KEY_UIApplicationSceneManifest_Generation = YES;
				INFOPLIST_KEY_UIApplicationSupportsIndirectInputEvents = YES;
				INFOPLIST_KEY_UILaunchScreen_Generation = YES;
				INFOPLIST_KEY_UIRequiresFullScreen = YES;
				INFOPLIST_KEY_UISupportedInterfaceOrientations = UIInterfaceOrientationPortrait;
				INFOPLIST_KEY_UISupportedInterfaceOrientations_iPad = "UIInterfaceOrientationLandscapeLeft UIInterfaceOrientationLandscapeRight UIInterfaceOrientationPortrait UIInterfaceOrientationPortraitUpsideDown";
				IPHONEOS_DEPLOYMENT_TARGET = 17.0;
				LD_RUNPATH_SEARCH_PATHS = (
					"$(inherited)",
					"@executable_path/Frameworks",
				);
				MARKETING_VERSION = 1.0;
				PRODUCT_BUNDLE_IDENTIFIER = "w-lee.InterviewRecorder";
				PRODUCT_NAME = "$(TARGET_NAME)";
				SUPPORTED_PLATFORMS = "iphoneos iphonesimulator";
				SUPPORTS_MACCATALYST = NO;
				SUPPORTS_MAC_DESIGNED_FOR_IPHONE_IPAD = NO;
				SUPPORTS_XR_DESIGNED_FOR_IPHONE_IPAD = NO;
				SWIFT_EMIT_LOC_STRINGS = YES;
				SWIFT_VERSION = 5.0;
				TARGETED_DEVICE_FAMILY = "1,2";
			};
			name = Release;
		};
/* End XCBuildConfiguration section */

/* Begin XCConfigurationList section */
		9B7662EC2C6DAD0200A41D3D /* Build configuration list for PBXProject "InterviewRecorder" */ = {
			isa = XCConfigurationList;
			buildConfigurations = (
				9B7662FD2C6DAD0300A41D3D /* Debug */,
				9B7662FE2C6DAD0300A41D3D /* Release */,
			);
			defaultConfigurationIsVisible = 0;
			defaultConfigurationName = Release;
		};
		9B7662FF2C6DAD0300A41D3D /* Build configuration list for PBXNativeTarget "InterviewRecorder" */ = {
			isa = XCConfigurationList;
			buildConfigurations = (
				9B7663002C6DAD0300A41D3D /* Debug */,
				9B7663012C6DAD0300A41D3D /* Release */,
			);
			defaultConfigurationIsVisible = 0;
			defaultConfigurationName = Release;
		};
/* End XCConfigurationList section */
	};
	rootObject = 9B7662E92C6DAD0200A41D3D /* Project object */;
}
